
Microsoft Visual Studio Solution File, Format Version 11.00
# Visual Studio 2010
Project("{FAE04EC0-301F-11D3-BF4B-00C04F79EFBC}") = "ReCode", "ReCode.csproj", "{B07323D3-4548-4D5E-B3C3-31E05DC9BCD6}"
EndProject
Project("{FAE04EC0-301F-11D3-BF4B-00C04F79EFBC}") = "RSAKey", "..\RSAKey\RSAKey.csproj", "{CAB81B3D-7E9E-4B30-9333-1BFFBE553A96}"
EndProject
Global
	GlobalSection(SubversionScc) = preSolution
		Svn-Managed = True
		Manager = AnkhSVN - Subversion Support for Visual Studio
	EndGlobalSection
	GlobalSection(SolutionConfigurationPlatforms) = preSolution
		Debug|x86 = Debug|x86
		Release|x86 = Release|x86
	EndGlobalSection
	GlobalSection(ProjectConfigurationPlatforms) = postSolution
		{B07323D3-4548-4D5E-B3C3-31E05DC9BCD6}.Debug|x86.ActiveCfg = Debug|x86
		{B07323D3-4548-4D5E-B3C3-31E05DC9BCD6}.Debug|x86.Build.0 = Debug|x86
		{B07323D3-4548-4D5E-B3C3-31E05DC9BCD6}.Release|x86.ActiveCfg = Release|x86
		{B07323D3-4548-4D5E-B3C3-31E05DC9BCD6}.Release|x86.Build.0 = Release|x86
		{CAB81B3D-7E9E-4B30-9333-1BFFBE553A96}.Debug|x86.ActiveCfg = Debug|x86
		{CAB81B3D-7E9E-4B30-9333-1BFFBE553A96}.Debug|x86.Build.0 = Debug|x86
		{CAB81B3D-7E9E-4B30-9333-1BFFBE553A96}.Release|x86.ActiveCfg = Release|x86
		{CAB81B3D-7E9E-4B30-9333-1BFFBE553A96}.Release|x86.Build.0 = Release|x86
	EndGlobalSection
	GlobalSection(SolutionProperties) = preSolution
		HideSolutionNode = FALSE
	EndGlobalSection
EndGlobal
